Microsoft Visual Studio Solution File, Format Version 12.00
# Visual Studio Version 18
VisualStudioVersion = 18.6.11716.218 insiders
MinimumVisualStudioVersion = 10.0.40219.1
Project("{FAE04EC0-301F-11D3-BF4B-00C04F79EFBC}") = "LearningWebApi", "LearningWebApi\LearningWebApi.csproj", "{DC5E1D4C-8151-095D-966D-60A2FB1C259C}"
EndProject
Project("{FAE04EC0-301F-11D3-BF4B-00C04F79EFBC}") = "LearningTest", "LearningTest\LearningTest.csproj", "{4042A249-A25E-4B5A-81C7-F28D151F0A78}"
EndProject
Global
	GlobalSection(SolutionConfigurationPlatforms) = preSolution
		Debug|Any CPU = Debug|Any CPU
		Release|Any CPU = Release|Any CPU
	EndGlobalSection
	GlobalSection(ProjectConfigurationPlatforms) = postSolution
		{DC5E1D4C-8151-095D-966D-60A2FB1C259C}.Debug|Any CPU.ActiveCfg = Debug|Any CPU
		{DC5E1D4C-8151-095D-966D-60A2FB1C259C}.Debug|Any CPU.Build.0 = Debug|Any CPU
		{DC5E1D4C-8151-095D-966D-60A2FB1C259C}.Release|Any CPU.ActiveCfg = Release|Any CPU
		{DC5E1D4C-8151-095D-966D-60A2FB1C259C}.Release|Any CPU.Build.0 = Release|Any CPU
		{4042A249-A25E-4B5A-81C7-F28D151F0A78}.Debug|Any CPU.ActiveCfg = Debug|Any CPU
		{4042A249-A25E-4B5A-81C7-F28D151F0A78}.Debug|Any CPU.Build.0 = Debug|Any CPU
		{4042A249-A25E-4B5A-81C7-F28D151F0A78}.Release|Any CPU.ActiveCfg = Release|Any CPU
		{4042A249-A25E-4B5A-81C7-F28D151F0A78}.Release|Any CPU.Build.0 = Release|Any CPU
	EndGlobalSection
	GlobalSection(SolutionProperties) = preSolution
		HideSolutionNode = FALSE
	EndGlobalSection
	GlobalSection(ExtensibilityGlobals) = postSolution
		SolutionGuid = {5F1F6C6A-72C0-4B4F-B641-BA2DB4575540}
	EndGlobalSection
EndGlobal
