
Microsoft Visual Studio Solution File, Format Version 12.00
# Visual Studio Version 18
VisualStudioVersion = 18.6.11716.218
MinimumVisualStudioVersion = 10.0.40219.1
Project("{2150E333-8FDC-42A3-9474-1A3956D46DE8}") = "Docs", "Docs", "{793C33D8-A9BC-49FC-923B-79AC762C83E9}"
	ProjectSection(SolutionItems) = preProject
		docker-compose.yml = docker-compose.yml
		README.md = README.md
	EndProjectSection
EndProject
Project("{2150E333-8FDC-42A3-9474-1A3956D46DE8}") = "Services", "Services", "{10A06442-3225-4328-BEC1-767C02623D80}"
EndProject
Project("{2150E333-8FDC-42A3-9474-1A3956D46DE8}") = "PersonService", "PersonService", "{7E81F0D8-0729-4705-B66A-75C7D0C047E3}"
	ProjectSection(SolutionItems) = preProject
		Services\PersonService\README.md = Services\PersonService\README.md
	EndProjectSection
EndProject
Project("{FAE04EC0-301F-11D3-BF4B-00C04F79EFBC}") = "PersonService.Presentation", "Services\PersonService\PersonService.Presentation\PersonService.Presentation.csproj", "{9DF4D43D-81DE-3FF1-913C-BF01C3F5417E}"
EndProject
Project("{FAE04EC0-301F-11D3-BF4B-00C04F79EFBC}") = "PersonService.Application", "Services\PersonService\PersonService.Application\PersonService.Application.csproj", "{8AFCCBE6-2149-160C-082E-0F7F2868EC44}"
EndProject
Project("{FAE04EC0-301F-11D3-BF4B-00C04F79EFBC}") = "PersonService.Domain", "Services\PersonService\PersonService.Domain\PersonService.Domain.csproj", "{B5875D08-D276-4660-B516-ED589564CA77}"
EndProject
Project("{FAE04EC0-301F-11D3-BF4B-00C04F79EFBC}") = "PersonService.Infrastructure", "Services\PersonService\PersonService.Infrastructure\PersonService.Infrastructure.csproj", "{9D0DBBE0-C963-45A6-AFDC-8B120873FC07}"
EndProject
Project("{2150E333-8FDC-42A3-9474-1A3956D46DE8}") = "EventService", "EventService", "{42709BC2-7DA8-43F3-8E16-A0E50F1DF844}"
	ProjectSection(SolutionItems) = preProject
		Services\EventService\README.md = Services\EventService\README.md
	EndProjectSection
EndProject
Project("{2150E333-8FDC-42A3-9474-1A3956D46DE8}") = "BookingService", "BookingService", "{A0D84796-605E-4CD6-9A5C-9F3D0BFD44D7}"
	ProjectSection(SolutionItems) = preProject
		Services\BookingService\README.md = Services\BookingService\README.md
	EndProjectSection
EndProject
Project("{FAE04EC0-301F-11D3-BF4B-00C04F79EFBC}") = "EventService.Application", "Services\EventService\EventService.Application\EventService.Application.csproj", "{62BE2606-50BF-468E-9B53-F8FED41EC743}"
EndProject
Project("{FAE04EC0-301F-11D3-BF4B-00C04F79EFBC}") = "EventService.Domain", "Services\EventService\EventService.Domain\EventService.Domain.csproj", "{22E93889-E80D-4AF6-A980-C66CBAE428BC}"
EndProject
Project("{FAE04EC0-301F-11D3-BF4B-00C04F79EFBC}") = "EventService.Infrastructure", "Services\EventService\EventService.Infrastructure\EventService.Infrastructure.csproj", "{AAA6E3DC-AD39-44BF-9441-4BCA6D91E0CE}"
EndProject
Project("{FAE04EC0-301F-11D3-BF4B-00C04F79EFBC}") = "BookingService.Application", "Services\BookingService\BookingService.Application\BookingService.Application.csproj", "{F04B8AC7-C23A-4058-BF17-E12004FDE3EB}"
EndProject
Project("{FAE04EC0-301F-11D3-BF4B-00C04F79EFBC}") = "BookingService.Domain", "Services\BookingService\BookingService.Domain\BookingService.Domain.csproj", "{3A7EFD54-A9AE-4DF5-9830-0DD100DA21CA}"
EndProject
Project("{FAE04EC0-301F-11D3-BF4B-00C04F79EFBC}") = "BookingService.Infrastructure", "Services\BookingService\BookingService.Infrastructure\BookingService.Infrastructure.csproj", "{95393C81-0DCF-415F-A6C7-F699599B466C}"
EndProject
Project("{FAE04EC0-301F-11D3-BF4B-00C04F79EFBC}") = "EventService.Presentation", "Services\EventService\EventService.Presentation\EventService.Presentation.csproj", "{99829462-5256-45EE-A388-6C5F4B75442C}"
EndProject
Project("{FAE04EC0-301F-11D3-BF4B-00C04F79EFBC}") = "BookingService.Presentation", "Services\BookingService\BookingService.Presentation\BookingService.Presentation.csproj", "{F6EBFEAB-4085-4C07-905F-30E886A33089}"
EndProject
Project("{2150E333-8FDC-42A3-9474-1A3956D46DE8}") = "Shared", "Shared", "{4E8158BB-BADA-4AC8-ACA6-63A197EAE4ED}"
EndProject
Project("{FAE04EC0-301F-11D3-BF4B-00C04F79EFBC}") = "TokenService", "Shared\TokenService\TokenService.csproj", "{AADA6E2B-6875-53B3-8912-C8C45C1E2A7E}"
EndProject
Project("{FAE04EC0-301F-11D3-BF4B-00C04F79EFBC}") = "SharedContracts", "Shared\SharedContracts\SharedContracts.csproj", "{8BA88912-3986-49B2-84A5-3E3F77BCCCE1}"
EndProject
Project("{2150E333-8FDC-42A3-9474-1A3956D46DE8}") = "Components", "Components", "{A2772EA8-3280-4D64-9DF1-A008852C42B9}"
EndProject
Project("{2150E333-8FDC-42A3-9474-1A3956D46DE8}") = "Broker", "Broker", "{CE08C47F-EB32-4983-B8C1-2DC3AF839499}"
EndProject
Project("{FAE04EC0-301F-11D3-BF4B-00C04F79EFBC}") = "BrokerService.Infrastructure", "Components\Broker\BrokerService.Infrastructure\BrokerService.Infrastructure.csproj", "{0C9026EA-376F-62F4-B103-2A0CEDD67609}"
EndProject
Project("{FAE04EC0-301F-11D3-BF4B-00C04F79EFBC}") = "BrokerService.Application", "Components\Broker\BrokerService.Application\BrokerService.Application.csproj", "{0395FBBF-ECC2-CD03-3164-1BFFCCE9A14B}"
EndProject
Project("{FAE04EC0-301F-11D3-BF4B-00C04F79EFBC}") = "BookingService.UnitTest", "Services\BookingService\BookingService.UnitTest\BookingService.UnitTest.csproj", "{2E9994C3-496D-4910-99DB-CF5A3EB16A34}"
EndProject
Project("{FAE04EC0-301F-11D3-BF4B-00C04F79EFBC}") = "EventService.UnitTest", "Services\EventService\EventService.UnitTest\EventService.UnitTest.csproj", "{7E08E162-3B52-4122-8F3F-F0E328D6BA82}"
EndProject
Project("{2150E333-8FDC-42A3-9474-1A3956D46DE8}") = "Cache", "Cache", "{726AFE0D-3663-4309-8062-5C2B12441072}"
EndProject
Project("{FAE04EC0-301F-11D3-BF4B-00C04F79EFBC}") = "CacheService.Application", "Components\Cache\CacheService.Application\CacheService.Application.csproj", "{198E22CA-40D2-BB03-80CB-C8017A0BF448}"
EndProject
Project("{FAE04EC0-301F-11D3-BF4B-00C04F79EFBC}") = "CacheService.Infrastructure", "Components\Cache\CacheService.Infrastructure\CacheService.Infrastructure.csproj", "{99F46B8C-0412-CF29-B5D2-697DAC1CC7EF}"
EndProject
Global
	GlobalSection(SolutionConfigurationPlatforms) = preSolution
		Debug|Any CPU = Debug|Any CPU
		Release|Any CPU = Release|Any CPU
	EndGlobalSection
	GlobalSection(ProjectConfigurationPlatforms) = postSolution
		{9DF4D43D-81DE-3FF1-913C-BF01C3F5417E}.Debug|Any CPU.ActiveCfg = Debug|Any CPU
		{9DF4D43D-81DE-3FF1-913C-BF01C3F5417E}.Debug|Any CPU.Build.0 = Debug|Any CPU
		{9DF4D43D-81DE-3FF1-913C-BF01C3F5417E}.Release|Any CPU.ActiveCfg = Release|Any CPU
		{9DF4D43D-81DE-3FF1-913C-BF01C3F5417E}.Release|Any CPU.Build.0 = Release|Any CPU
		{8AFCCBE6-2149-160C-082E-0F7F2868EC44}.Debug|Any CPU.ActiveCfg = Debug|Any CPU
		{8AFCCBE6-2149-160C-082E-0F7F2868EC44}.Debug|Any CPU.Build.0 = Debug|Any CPU
		{8AFCCBE6-2149-160C-082E-0F7F2868EC44}.Release|Any CPU.ActiveCfg = Release|Any CPU
		{8AFCCBE6-2149-160C-082E-0F7F2868EC44}.Release|Any CPU.Build.0 = Release|Any CPU
		{B5875D08-D276-4660-B516-ED589564CA77}.Debug|Any CPU.ActiveCfg = Debug|Any CPU
		{B5875D08-D276-4660-B516-ED589564CA77}.Debug|Any CPU.Build.0 = Debug|Any CPU
		{B5875D08-D276-4660-B516-ED589564CA77}.Release|Any CPU.ActiveCfg = Release|Any CPU
		{B5875D08-D276-4660-B516-ED589564CA77}.Release|Any CPU.Build.0 = Release|Any CPU
		{9D0DBBE0-C963-45A6-AFDC-8B120873FC07}.Debug|Any CPU.ActiveCfg = Debug|Any CPU
		{9D0DBBE0-C963-45A6-AFDC-8B120873FC07}.Debug|Any CPU.Build.0 = Debug|Any CPU
		{9D0DBBE0-C963-45A6-AFDC-8B120873FC07}.Release|Any CPU.ActiveCfg = Release|Any CPU
		{9D0DBBE0-C963-45A6-AFDC-8B120873FC07}.Release|Any CPU.Build.0 = Release|Any CPU
		{62BE2606-50BF-468E-9B53-F8FED41EC743}.Debug|Any CPU.ActiveCfg = Debug|Any CPU
		{62BE2606-50BF-468E-9B53-F8FED41EC743}.Debug|Any CPU.Build.0 = Debug|Any CPU
		{62BE2606-50BF-468E-9B53-F8FED41EC743}.Release|Any CPU.ActiveCfg = Release|Any CPU
		{62BE2606-50BF-468E-9B53-F8FED41EC743}.Release|Any CPU.Build.0 = Release|Any CPU
		{22E93889-E80D-4AF6-A980-C66CBAE428BC}.Debug|Any CPU.ActiveCfg = Debug|Any CPU
		{22E93889-E80D-4AF6-A980-C66CBAE428BC}.Debug|Any CPU.Build.0 = Debug|Any CPU
		{22E93889-E80D-4AF6-A980-C66CBAE428BC}.Release|Any CPU.ActiveCfg = Release|Any CPU
		{22E93889-E80D-4AF6-A980-C66CBAE428BC}.Release|Any CPU.Build.0 = Release|Any CPU
		{AAA6E3DC-AD39-44BF-9441-4BCA6D91E0CE}.Debug|Any CPU.ActiveCfg = Debug|Any CPU
		{AAA6E3DC-AD39-44BF-9441-4BCA6D91E0CE}.Debug|Any CPU.Build.0 = Debug|Any CPU
		{AAA6E3DC-AD39-44BF-9441-4BCA6D91E0CE}.Release|Any CPU.ActiveCfg = Release|Any CPU
		{AAA6E3DC-AD39-44BF-9441-4BCA6D91E0CE}.Release|Any CPU.Build.0 = Release|Any CPU
		{F04B8AC7-C23A-4058-BF17-E12004FDE3EB}.Debug|Any CPU.ActiveCfg = Debug|Any CPU
		{F04B8AC7-C23A-4058-BF17-E12004FDE3EB}.Debug|Any CPU.Build.0 = Debug|Any CPU
		{F04B8AC7-C23A-4058-BF17-E12004FDE3EB}.Release|Any CPU.ActiveCfg = Release|Any CPU
		{F04B8AC7-C23A-4058-BF17-E12004FDE3EB}.Release|Any CPU.Build.0 = Release|Any CPU
		{3A7EFD54-A9AE-4DF5-9830-0DD100DA21CA}.Debug|Any CPU.ActiveCfg = Debug|Any CPU
		{3A7EFD54-A9AE-4DF5-9830-0DD100DA21CA}.Debug|Any CPU.Build.0 = Debug|Any CPU
		{3A7EFD54-A9AE-4DF5-9830-0DD100DA21CA}.Release|Any CPU.ActiveCfg = Release|Any CPU
		{3A7EFD54-A9AE-4DF5-9830-0DD100DA21CA}.Release|Any CPU.Build.0 = Release|Any CPU
		{95393C81-0DCF-415F-A6C7-F699599B466C}.Debug|Any CPU.ActiveCfg = Debug|Any CPU
		{95393C81-0DCF-415F-A6C7-F699599B466C}.Debug|Any CPU.Build.0 = Debug|Any CPU
		{95393C81-0DCF-415F-A6C7-F699599B466C}.Release|Any CPU.ActiveCfg = Release|Any CPU
		{95393C81-0DCF-415F-A6C7-F699599B466C}.Release|Any CPU.Build.0 = Release|Any CPU
		{99829462-5256-45EE-A388-6C5F4B75442C}.Debug|Any CPU.ActiveCfg = Debug|Any CPU
		{99829462-5256-45EE-A388-6C5F4B75442C}.Debug|Any CPU.Build.0 = Debug|Any CPU
		{99829462-5256-45EE-A388-6C5F4B75442C}.Release|Any CPU.ActiveCfg = Release|Any CPU
		{99829462-5256-45EE-A388-6C5F4B75442C}.Release|Any CPU.Build.0 = Release|Any CPU
		{F6EBFEAB-4085-4C07-905F-30E886A33089}.Debug|Any CPU.ActiveCfg = Debug|Any CPU
		{F6EBFEAB-4085-4C07-905F-30E886A33089}.Debug|Any CPU.Build.0 = Debug|Any CPU
		{F6EBFEAB-4085-4C07-905F-30E886A33089}.Release|Any CPU.ActiveCfg = Release|Any CPU
		{F6EBFEAB-4085-4C07-905F-30E886A33089}.Release|Any CPU.Build.0 = Release|Any CPU
		{AADA6E2B-6875-53B3-8912-C8C45C1E2A7E}.Debug|Any CPU.ActiveCfg = Debug|Any CPU
		{AADA6E2B-6875-53B3-8912-C8C45C1E2A7E}.Debug|Any CPU.Build.0 = Debug|Any CPU
		{AADA6E2B-6875-53B3-8912-C8C45C1E2A7E}.Release|Any CPU.ActiveCfg = Release|Any CPU
		{AADA6E2B-6875-53B3-8912-C8C45C1E2A7E}.Release|Any CPU.Build.0 = Release|Any CPU
		{8BA88912-3986-49B2-84A5-3E3F77BCCCE1}.Debug|Any CPU.ActiveCfg = Debug|Any CPU
		{8BA88912-3986-49B2-84A5-3E3F77BCCCE1}.Debug|Any CPU.Build.0 = Debug|Any CPU
		{8BA88912-3986-49B2-84A5-3E3F77BCCCE1}.Release|Any CPU.ActiveCfg = Release|Any CPU
		{8BA88912-3986-49B2-84A5-3E3F77BCCCE1}.Release|Any CPU.Build.0 = Release|Any CPU
		{0C9026EA-376F-62F4-B103-2A0CEDD67609}.Debug|Any CPU.ActiveCfg = Debug|Any CPU
		{0C9026EA-376F-62F4-B103-2A0CEDD67609}.Debug|Any CPU.Build.0 = Debug|Any CPU
		{0C9026EA-376F-62F4-B103-2A0CEDD67609}.Release|Any CPU.ActiveCfg = Release|Any CPU
		{0C9026EA-376F-62F4-B103-2A0CEDD67609}.Release|Any CPU.Build.0 = Release|Any CPU
		{0395FBBF-ECC2-CD03-3164-1BFFCCE9A14B}.Debug|Any CPU.ActiveCfg = Debug|Any CPU
		{0395FBBF-ECC2-CD03-3164-1BFFCCE9A14B}.Debug|Any CPU.Build.0 = Debug|Any CPU
		{0395FBBF-ECC2-CD03-3164-1BFFCCE9A14B}.Release|Any CPU.ActiveCfg = Release|Any CPU
		{0395FBBF-ECC2-CD03-3164-1BFFCCE9A14B}.Release|Any CPU.Build.0 = Release|Any CPU
		{2E9994C3-496D-4910-99DB-CF5A3EB16A34}.Debug|Any CPU.ActiveCfg = Debug|Any CPU
		{2E9994C3-496D-4910-99DB-CF5A3EB16A34}.Debug|Any CPU.Build.0 = Debug|Any CPU
		{2E9994C3-496D-4910-99DB-CF5A3EB16A34}.Release|Any CPU.ActiveCfg = Release|Any CPU
		{2E9994C3-496D-4910-99DB-CF5A3EB16A34}.Release|Any CPU.Build.0 = Release|Any CPU
		{7E08E162-3B52-4122-8F3F-F0E328D6BA82}.Debug|Any CPU.ActiveCfg = Debug|Any CPU
		{7E08E162-3B52-4122-8F3F-F0E328D6BA82}.Debug|Any CPU.Build.0 = Debug|Any CPU
		{7E08E162-3B52-4122-8F3F-F0E328D6BA82}.Release|Any CPU.ActiveCfg = Release|Any CPU
		{7E08E162-3B52-4122-8F3F-F0E328D6BA82}.Release|Any CPU.Build.0 = Release|Any CPU
		{198E22CA-40D2-BB03-80CB-C8017A0BF448}.Debug|Any CPU.ActiveCfg = Debug|Any CPU
		{198E22CA-40D2-BB03-80CB-C8017A0BF448}.Debug|Any CPU.Build.0 = Debug|Any CPU
		{198E22CA-40D2-BB03-80CB-C8017A0BF448}.Release|Any CPU.ActiveCfg = Release|Any CPU
		{198E22CA-40D2-BB03-80CB-C8017A0BF448}.Release|Any CPU.Build.0 = Release|Any CPU
		{99F46B8C-0412-CF29-B5D2-697DAC1CC7EF}.Debug|Any CPU.ActiveCfg = Debug|Any CPU
		{99F46B8C-0412-CF29-B5D2-697DAC1CC7EF}.Debug|Any CPU.Build.0 = Debug|Any CPU
		{99F46B8C-0412-CF29-B5D2-697DAC1CC7EF}.Release|Any CPU.ActiveCfg = Release|Any CPU
		{99F46B8C-0412-CF29-B5D2-697DAC1CC7EF}.Release|Any CPU.Build.0 = Release|Any CPU
	EndGlobalSection
	GlobalSection(SolutionProperties) = preSolution
		HideSolutionNode = FALSE
	EndGlobalSection
	GlobalSection(NestedProjects) = preSolution
		{7E81F0D8-0729-4705-B66A-75C7D0C047E3} = {10A06442-3225-4328-BEC1-767C02623D80}
		{9DF4D43D-81DE-3FF1-913C-BF01C3F5417E} = {7E81F0D8-0729-4705-B66A-75C7D0C047E3}
		{8AFCCBE6-2149-160C-082E-0F7F2868EC44} = {7E81F0D8-0729-4705-B66A-75C7D0C047E3}
		{B5875D08-D276-4660-B516-ED589564CA77} = {7E81F0D8-0729-4705-B66A-75C7D0C047E3}
		{9D0DBBE0-C963-45A6-AFDC-8B120873FC07} = {7E81F0D8-0729-4705-B66A-75C7D0C047E3}
		{42709BC2-7DA8-43F3-8E16-A0E50F1DF844} = {10A06442-3225-4328-BEC1-767C02623D80}
		{A0D84796-605E-4CD6-9A5C-9F3D0BFD44D7} = {10A06442-3225-4328-BEC1-767C02623D80}
		{62BE2606-50BF-468E-9B53-F8FED41EC743} = {42709BC2-7DA8-43F3-8E16-A0E50F1DF844}
		{22E93889-E80D-4AF6-A980-C66CBAE428BC} = {42709BC2-7DA8-43F3-8E16-A0E50F1DF844}
		{AAA6E3DC-AD39-44BF-9441-4BCA6D91E0CE} = {42709BC2-7DA8-43F3-8E16-A0E50F1DF844}
		{F04B8AC7-C23A-4058-BF17-E12004FDE3EB} = {A0D84796-605E-4CD6-9A5C-9F3D0BFD44D7}
		{3A7EFD54-A9AE-4DF5-9830-0DD100DA21CA} = {A0D84796-605E-4CD6-9A5C-9F3D0BFD44D7}
		{95393C81-0DCF-415F-A6C7-F699599B466C} = {A0D84796-605E-4CD6-9A5C-9F3D0BFD44D7}
		{99829462-5256-45EE-A388-6C5F4B75442C} = {42709BC2-7DA8-43F3-8E16-A0E50F1DF844}
		{F6EBFEAB-4085-4C07-905F-30E886A33089} = {A0D84796-605E-4CD6-9A5C-9F3D0BFD44D7}
		{AADA6E2B-6875-53B3-8912-C8C45C1E2A7E} = {4E8158BB-BADA-4AC8-ACA6-63A197EAE4ED}
		{8BA88912-3986-49B2-84A5-3E3F77BCCCE1} = {4E8158BB-BADA-4AC8-ACA6-63A197EAE4ED}
		{CE08C47F-EB32-4983-B8C1-2DC3AF839499} = {A2772EA8-3280-4D64-9DF1-A008852C42B9}
		{0C9026EA-376F-62F4-B103-2A0CEDD67609} = {CE08C47F-EB32-4983-B8C1-2DC3AF839499}
		{0395FBBF-ECC2-CD03-3164-1BFFCCE9A14B} = {CE08C47F-EB32-4983-B8C1-2DC3AF839499}
		{2E9994C3-496D-4910-99DB-CF5A3EB16A34} = {A0D84796-605E-4CD6-9A5C-9F3D0BFD44D7}
		{7E08E162-3B52-4122-8F3F-F0E328D6BA82} = {42709BC2-7DA8-43F3-8E16-A0E50F1DF844}
		{726AFE0D-3663-4309-8062-5C2B12441072} = {A2772EA8-3280-4D64-9DF1-A008852C42B9}
		{198E22CA-40D2-BB03-80CB-C8017A0BF448} = {726AFE0D-3663-4309-8062-5C2B12441072}
		{99F46B8C-0412-CF29-B5D2-697DAC1CC7EF} = {726AFE0D-3663-4309-8062-5C2B12441072}
	EndGlobalSection
	GlobalSection(ExtensibilityGlobals) = postSolution
		SolutionGuid = {5F1F6C6A-72C0-4B4F-B641-BA2DB4575540}
	EndGlobalSection
EndGlobal
